#MicroXplorer Configuration settings - do not modify
ADC1.Channel-0\#ChannelRegularConversion=ADC_CHANNEL_5
ADC1.IPParameters=NbrOfConversionFlag,master,Channel-0\#ChannelRegularConversion
ADC1.NbrOfConversionFlag=1
ADC1.master=1
CAD.formats=
CAD.pinconfig=
CAD.provider=
CORTEX_M7.AccessPermission_Spec=MPU_REGION_FULL_ACCESS
CORTEX_M7.BaseAddress_Spec=0x30000000
CORTEX_M7.CPU_DCache=Enabled
CORTEX_M7.CPU_ICache=Enabled
CORTEX_M7.IPParameters=default_mode_Activation,CPU_ICache,CPU_DCache,BaseAddress_Spec,Size_Spec,SubRegionDisable_Spec,TypeExtField_Spec,AccessPermission_Spec,MPU_Control
CORTEX_M7.MPU_Control=MPU_HFNMI_PRIVDEF
CORTEX_M7.Size_Spec=MPU_REGION_SIZE_32KB
CORTEX_M7.SubRegionDisable_Spec=0x0
CORTEX_M7.TypeExtField_Spec=MPU_TEX_LEVEL1
CORTEX_M7.default_mode_Activation=1
ETH.IPParameters=MediaInterface
ETH.MediaInterface=HAL_ETH_RMII_MODE
FREERTOS.IPParameters=Tasks01,configUSE_NEWLIB_REENTRANT
FREERTOS.Tasks01=defaultTask,24,128,StartDefaultTask,Default,NULL,Dynamic,NULL,NULL
FREERTOS.configUSE_NEWLIB_REENTRANT=1
File.Version=6
GPIO.groupedBy=Group By Peripherals
KeepUserPlacement=false
LWIP.BSP.number=1
LWIP.GATEWAY_ADDRESS=000.000.000.000
LWIP.IPParameters=LWIP_DHCP,GATEWAY_ADDRESS,NETMASK_ADDRESS,IP_ADDRESS,LWIP_RAM_HEAP_POINTER,MEM_SIZE,LWIP_STATS,LWIP_TFTP,LWIP_NETIF_STATUS_CALLBACK,LWIP_NETIF_EXT_STATUS_CALLBACK,LWIP_NETIF_LOOPBACK,LWIP_IPV6,LWIP_HTTPD,LWIP_SNMP,LWIP_SNTP,LWIP_SMTP,LWIP_IGMP,LWIP_MDNS
LWIP.IP_ADDRESS=169.254.115.243
LWIP.LWIP_DHCP=0
LWIP.LWIP_HTTPD=0
LWIP.LWIP_IGMP=1
LWIP.LWIP_IPV6=0
LWIP.LWIP_MDNS=1
LWIP.LWIP_NETIF_EXT_STATUS_CALLBACK=1
LWIP.LWIP_NETIF_LOOPBACK=1
LWIP.LWIP_NETIF_STATUS_CALLBACK=1
LWIP.LWIP_RAM_HEAP_POINTER=0x30002000
LWIP.LWIP_SMTP=0
LWIP.LWIP_SNMP=0
LWIP.LWIP_SNTP=0
LWIP.LWIP_STATS=1
LWIP.LWIP_TFTP=0
LWIP.MEM_SIZE=10*1024
LWIP.NETMASK_ADDRESS=255.255.000.000
LWIP.Version=v2.1.2_Cube
LWIP0.BSP.STBoard=false
LWIP0.BSP.api=BSP_COMPONENT_DRIVER
LWIP0.BSP.component=LAN8742
LWIP0.BSP.condition=
LWIP0.BSP.instance=LAN8742
LWIP0.BSP.ip=
LWIP0.BSP.mode=
LWIP0.BSP.name=Driver_PHY
LWIP0.BSP.semaphore=S_LAN8742
LWIP0.BSP.solution=LAN8742
Mcu.CPN=STM32H743ZIT6
Mcu.Family=STM32H7
Mcu.IP0=ADC1
Mcu.IP1=COMP1
Mcu.IP10=NVIC
Mcu.IP11=RCC
Mcu.IP12=SYS
Mcu.IP2=CORTEX_M7
Mcu.IP3=DEBUG
Mcu.IP4=ETH
Mcu.IP5=FREERTOS
Mcu.IP6=HRTIM
Mcu.IP7=LTDC
Mcu.IP8=LWIP
Mcu.IP9=MBEDTLS
Mcu.IPNb=13
Mcu.Name=STM32H743ZITx
Mcu.Package=LQFP144
Mcu.Pin0=PF10
Mcu.Pin1=PC0
Mcu.Pin10=PC4
Mcu.Pin11=PC5
Mcu.Pin12=PB0
Mcu.Pin13=PB1
Mcu.Pin14=PB2
Mcu.Pin15=PE11
Mcu.Pin16=PE12
Mcu.Pin17=PE14
Mcu.Pin18=PB10
Mcu.Pin19=PB11
Mcu.Pin2=PC1
Mcu.Pin20=PB12
Mcu.Pin21=PB13
Mcu.Pin22=PD10
Mcu.Pin23=PG6
Mcu.Pin24=PG8
Mcu.Pin25=PC6
Mcu.Pin26=PC7
Mcu.Pin27=PA8
Mcu.Pin28=PA9
Mcu.Pin29=PA10
Mcu.Pin3=PA1
Mcu.Pin30=PA13 (JTMS/SWDIO)
Mcu.Pin31=PA14 (JTCK/SWCLK)
Mcu.Pin32=PG11
Mcu.Pin33=PB3 (JTDO/TRACESWO)
Mcu.Pin34=PB8
Mcu.Pin35=PB9
Mcu.Pin36=VP_COMP1_VS_VREFINT
Mcu.Pin37=VP_FREERTOS_VS_CMSIS_V2
Mcu.Pin38=VP_HRTIM_VS_hrtimTimerANoOutput
Mcu.Pin39=VP_LWIP_VS_Enabled
Mcu.Pin4=PA2
Mcu.Pin40=VP_MBEDTLS_VS_MBEDTLS
Mcu.Pin41=VP_SYS_VS_tim6
Mcu.Pin5=PA3
Mcu.Pin6=PA4
Mcu.Pin7=PA5
Mcu.Pin8=PA6
Mcu.Pin9=PA7
Mcu.PinsNb=42
Mcu.ThirdPartyNb=0
Mcu.UserConstants=
Mcu.UserName=STM32H743ZITx
MxCube.Version=6.11.0
MxDb.Version=DB.6.0.110
NVIC.BusFault_IRQn=true\:0\:0\:false\:false\:true\:false\:false\:false\:false
NVIC.DebugMonitor_IRQn=true\:0\:0\:false\:false\:true\:false\:false\:false\:false
NVIC.ETH_IRQn=true\:5\:0\:false\:false\:true\:true\:true\:true\:true
NVIC.ETH_WKUP_IRQn=true\:5\:0\:false\:false\:true\:true\:true\:true\:true
NVIC.ForceEnableDMAVector=true
NVIC.HardFault_IRQn=true\:0\:0\:false\:false\:true\:false\:false\:false\:false
NVIC.MemoryManagement_IRQn=true\:0\:0\:false\:false\:true\:false\:false\:false\:false
NVIC.NonMaskableInt_IRQn=true\:0\:0\:false\:false\:true\:false\:false\:false\:false
NVIC.PendSV_IRQn=true\:15\:0\:false\:false\:false\:true\:false\:false\:false
NVIC.PriorityGroup=NVIC_PRIORITYGROUP_4
NVIC.SVCall_IRQn=true\:0\:0\:false\:false\:false\:false\:false\:false\:false
NVIC.SavedPendsvIrqHandlerGenerated=true
NVIC.SavedSvcallIrqHandlerGenerated=true
NVIC.SavedSystickIrqHandlerGenerated=true
NVIC.SysTick_IRQn=true\:15\:0\:false\:false\:false\:true\:false\:true\:false
NVIC.TIM6_DAC_IRQn=true\:15\:0\:false\:false\:true\:false\:false\:true\:true
NVIC.TimeBase=TIM6_DAC_IRQn
NVIC.TimeBaseIP=TIM6
NVIC.UsageFault_IRQn=true\:0\:0\:false\:false\:true\:false\:false\:false\:false
PA1.Mode=RMII
PA1.Signal=ETH_REF_CLK
PA10.Mode=RGB565
PA10.Signal=LTDC_B4
PA13\ (JTMS/SWDIO).Mode=Trace_Asynchronous_SW
PA13\ (JTMS/SWDIO).Signal=DEBUG_JTMS-SWDIO
PA14\ (JTCK/SWCLK).Mode=Trace_Asynchronous_SW
PA14\ (JTCK/SWCLK).Signal=DEBUG_JTCK-SWCLK
PA2.Mode=RMII
PA2.Signal=ETH_MDIO
PA3.Mode=RGB565
PA3.Signal=LTDC_B5
PA4.Mode=RGB565
PA4.Signal=LTDC_VSYNC
PA5.Mode=RGB565
PA5.Signal=LTDC_R4
PA6.Mode=RGB565
PA6.Signal=LTDC_G2
PA7.Mode=RMII
PA7.Signal=ETH_CRS_DV
PA8.Mode=RGB565
PA8.Signal=LTDC_R6
PA9.Mode=RGB565
PA9.Signal=LTDC_R5
PB0.Mode=RGB565
PB0.Signal=LTDC_R3
PB1.Signal=ADCx_INP5
PB10.Mode=RGB565
PB10.Signal=LTDC_G4
PB11.Mode=RGB565
PB11.Signal=LTDC_G5
PB12.Mode=RMII
PB12.Signal=ETH_TXD0
PB13.Mode=RMII
PB13.Signal=ETH_TXD1
PB2.Mode=INP
PB2.Signal=COMP1_INP
PB3\ (JTDO/TRACESWO).Mode=Trace_Asynchronous_SW
PB3\ (JTDO/TRACESWO).Signal=DEBUG_JTDO-SWO
PB8.Mode=RGB565
PB8.Signal=LTDC_B6
PB9.Mode=RGB565
PB9.Signal=LTDC_B7
PC0.Signal=ADCx_INP10
PC1.Mode=RMII
PC1.Signal=ETH_MDC
PC4.Mode=RMII
PC4.Signal=ETH_RXD0
PC5.Mode=RMII
PC5.Signal=ETH_RXD1
PC6.Mode=RGB565
PC6.Signal=LTDC_HSYNC
PC7.Mode=RGB565
PC7.Signal=LTDC_G6
PD10.Mode=RGB565
PD10.Signal=LTDC_B3
PE11.Mode=RGB565
PE11.Signal=LTDC_G3
PE12.Mode=ExternalOutput
PE12.Signal=COMP1_OUT
PE14.Mode=RGB565
PE14.Signal=LTDC_CLK
PF10.Mode=RGB565
PF10.Signal=LTDC_DE
PG11.Mode=RMII
PG11.Signal=ETH_TX_EN
PG6.Mode=RGB565
PG6.Signal=LTDC_R7
PG8.Mode=RGB565
PG8.Signal=LTDC_G7
PinOutPanel.RotationAngle=0
ProjectManager.AskForMigrate=true
ProjectManager.BackupPrevious=false
ProjectManager.CompilerOptimize=6
ProjectManager.ComputerToolchain=false
ProjectManager.CoupleFile=false
ProjectManager.CustomerFirmwarePackage=
ProjectManager.DefaultFWLocation=true
ProjectManager.DeletePrevious=true
ProjectManager.DeviceId=STM32H743ZITx
ProjectManager.FirmwarePackage=STM32Cube FW_H7 V1.11.2
ProjectManager.FreePins=false
ProjectManager.HalAssertFull=false
ProjectManager.HeapSize=0x200
ProjectManager.KeepUserCode=true
ProjectManager.LastFirmware=true
ProjectManager.LibraryCopy=1
ProjectManager.MainLocation=Core/Src
ProjectManager.NoMain=false
ProjectManager.PreviousToolchain=
ProjectManager.ProjectBuild=false
ProjectManager.ProjectFileName=PTP_project.ioc
ProjectManager.ProjectName=PTP_project
ProjectManager.ProjectStructure=
ProjectManager.RegisterCallBack=
ProjectManager.StackSize=0x400
ProjectManager.TargetToolchain=STM32CubeIDE
ProjectManager.ToolChainLocation=
ProjectManager.UAScriptAfterPath=
ProjectManager.UAScriptBeforePath=
ProjectManager.UnderRoot=true
ProjectManager.functionlistsort=1-SystemClock_Config-RCC-false-HAL-false,2-MX_GPIO_Init-GPIO-false-HAL-true,3-MX_LWIP_Init-LWIP-false-HAL-false,4-MX_MBEDTLS_Init-MBEDTLS-false-HAL-false,5-MX_LTDC_Init-LTDC-false-HAL-true,6-MX_ADC1_Init-ADC1-false-HAL-true,7-MX_HRTIM_Init-HRTIM-false-HAL-true,8-MX_COMP1_Init-COMP1-false-HAL-true,0-MX_CORTEX_M7_Init-CORTEX_M7-false-HAL-true
RCC.ADCFreq_Value=75000000
RCC.AHB12Freq_Value=37500000
RCC.AHB4Freq_Value=37500000
RCC.APB1Freq_Value=18750000
RCC.APB2Freq_Value=18750000
RCC.APB3Freq_Value=18750000
RCC.APB4Freq_Value=18750000
RCC.AXIClockFreq_Value=37500000
RCC.CECFreq_Value=32000
RCC.CKPERFreq_Value=64000000
RCC.CortexFreq_Value=75000000
RCC.CpuClockFreq_Value=75000000
RCC.D1CPREFreq_Value=75000000
RCC.D1PPRE=RCC_APB3_DIV2
RCC.D2PPRE1=RCC_APB1_DIV2
RCC.D2PPRE2=RCC_APB2_DIV2
RCC.D3PPRE=RCC_APB4_DIV2
RCC.DFSDMACLkFreq_Value=75000000
RCC.DFSDMFreq_Value=18750000
RCC.DIVM1=4
RCC.DIVM2=4
RCC.DIVM3=1
RCC.DIVN1=9
RCC.DIVN2=9
RCC.DIVN3=4
RCC.DIVP1Freq_Value=75000000
RCC.DIVP2Freq_Value=75000000
RCC.DIVP3Freq_Value=128000000
RCC.DIVQ1Freq_Value=75000000
RCC.DIVQ2Freq_Value=75000000
RCC.DIVQ3Freq_Value=128000000
RCC.DIVR1Freq_Value=75000000
RCC.DIVR2Freq_Value=75000000
RCC.DIVR3=6
RCC.DIVR3Freq_Value=42666666.666666664
RCC.FDCANFreq_Value=75000000
RCC.FMCFreq_Value=37500000
RCC.FamilyName=M
RCC.HCLK3ClockFreq_Value=37500000
RCC.HCLKFreq_Value=37500000
RCC.HPRE=RCC_HCLK_DIV2
RCC.HRTIMFreq_Value=37500000
RCC.I2C123Freq_Value=18750000
RCC.I2C4Freq_Value=18750000
RCC.IPParameters=ADCFreq_Value,AHB12Freq_Value,AHB4Freq_Value,APB1Freq_Value,APB2Freq_Value,APB3Freq_Value,APB4Freq_Value,AXIClockFreq_Value,CECFreq_Value,CKPERFreq_Value,CortexFreq_Value,CpuClockFreq_Value,D1CPREFreq_Value,D1PPRE,D2PPRE1,D2PPRE2,D3PPRE,DFSDMACLkFreq_Value,DFSDMFreq_Value,DIVM1,DIVM2,DIVM3,DIVN1,DIVN2,DIVN3,DIVP1Freq_Value,DIVP2Freq_Value,DIVP3Freq_Value,DIVQ1Freq_Value,DIVQ2Freq_Value,DIVQ3Freq_Value,DIVR1Freq_Value,DIVR2Freq_Value,DIVR3,DIVR3Freq_Value,FDCANFreq_Value,FMCFreq_Value,FamilyName,HCLK3ClockFreq_Value,HCLKFreq_Value,HPRE,HRTIMFreq_Value,I2C123Freq_Value,I2C4Freq_Value,LPTIM1Freq_Value,LPTIM2Freq_Value,LPTIM345Freq_Value,LPUART1Freq_Value,LTDCFreq_Value,MCO1PinFreq_Value,MCO2PinFreq_Value,PLL2FRACN,PLL3FRACN,PLLFRACN,QSPIFreq_Value,RNGFreq_Value,RTCFreq_Value,SAI1Freq_Value,SAI23Freq_Value,SAI4AFreq_Value,SAI4BFreq_Value,SDMMCFreq_Value,SPDIFRXFreq_Value,SPI123Freq_Value,SPI45Freq_Value,SPI6Freq_Value,SWPMI1Freq_Value,SYSCLKFreq_VALUE,SYSCLKSource,Tim1OutputFreq_Value,Tim2OutputFreq_Value,TraceFreq_Value,USART16Freq_Value,USART234578Freq_Value,USBFreq_Value,VCO1OutputFreq_Value,VCO2OutputFreq_Value,VCO3OutputFreq_Value,VCOInput1Freq_Value,VCOInput2Freq_Value,VCOInput3Freq_Value
RCC.LPTIM1Freq_Value=18750000
RCC.LPTIM2Freq_Value=18750000
RCC.LPTIM345Freq_Value=18750000
RCC.LPUART1Freq_Value=18750000
RCC.LTDCFreq_Value=42666666.666666664
RCC.MCO1PinFreq_Value=64000000
RCC.MCO2PinFreq_Value=75000000
RCC.PLL2FRACN=3072
RCC.PLL3FRACN=0
RCC.PLLFRACN=3072
RCC.QSPIFreq_Value=37500000
RCC.RNGFreq_Value=48000000
RCC.RTCFreq_Value=32000
RCC.SAI1Freq_Value=75000000
RCC.SAI23Freq_Value=75000000
RCC.SAI4AFreq_Value=75000000
RCC.SAI4BFreq_Value=75000000
RCC.SDMMCFreq_Value=75000000
RCC.SPDIFRXFreq_Value=75000000
RCC.SPI123Freq_Value=75000000
RCC.SPI45Freq_Value=18750000
RCC.SPI6Freq_Value=18750000
RCC.SWPMI1Freq_Value=18750000
RCC.SYSCLKFreq_VALUE=75000000
RCC.SYSCLKSource=RCC_SYSCLKSOURCE_PLLCLK
RCC.Tim1OutputFreq_Value=37500000
RCC.Tim2OutputFreq_Value=37500000
RCC.TraceFreq_Value=75000000
RCC.USART16Freq_Value=18750000
RCC.USART234578Freq_Value=18750000
RCC.USBFreq_Value=75000000
RCC.VCO1OutputFreq_Value=150000000
RCC.VCO2OutputFreq_Value=150000000
RCC.VCO3OutputFreq_Value=256000000
RCC.VCOInput1Freq_Value=16000000
RCC.VCOInput2Freq_Value=16000000
RCC.VCOInput3Freq_Value=64000000
SH.ADCx_INP10.0=ADC1_INP10,IN10-Single-Ended
SH.ADCx_INP10.ConfNb=1
SH.ADCx_INP5.0=ADC1_INP5,IN5-Single-Ended
SH.ADCx_INP5.ConfNb=1
VP_COMP1_VS_VREFINT.Mode=VREFINT
VP_COMP1_VS_VREFINT.Signal=COMP1_VS_VREFINT
VP_FREERTOS_VS_CMSIS_V2.Mode=CMSIS_V2
VP_FREERTOS_VS_CMSIS_V2.Signal=FREERTOS_VS_CMSIS_V2
VP_HRTIM_VS_hrtimTimerANoOutput.Mode=No_output_TA
VP_HRTIM_VS_hrtimTimerANoOutput.Signal=HRTIM_VS_hrtimTimerANoOutput
VP_LWIP_VS_Enabled.Mode=Enabled
VP_LWIP_VS_Enabled.Signal=LWIP_VS_Enabled
VP_MBEDTLS_VS_MBEDTLS.Mode=Enabled
VP_MBEDTLS_VS_MBEDTLS.Signal=MBEDTLS_VS_MBEDTLS
VP_SYS_VS_tim6.Mode=TIM6
VP_SYS_VS_tim6.Signal=SYS_VS_tim6
board=custom
rtos.0.ip=FREERTOS
isbadioc=false
